// !$*UTF8*$!
{
	archiveVersion = 1;
	classes = {
	};
	objectVersion = 77;
	objects = {

/* Begin PBXBuildFile section */
		02059411928B934A1E5FAB91 /* RecommendationSnapshotTests.swift in Sources */ = {isa = PBXBuildFile; fileRef = 23393194138B8787FCEE14CB /* RecommendationSnapshotTests.swift */; };
		02BEA69849B6B0F0F66C2F31 /* TodayView.swift in Sources */ = {isa = PBXBuildFile; fileRef = 216D690271856ADBE1EB9D57 /* TodayView.swift */; };
		03FF54E4B701459396CF9AA0 /* AIReportService.swift in Sources */ = {isa = PBXBuildFile; fileRef = DADC65441A7FCD4F6FCB97C8 /* AIReportService.swift */; };
		0635D4BCEC4199EE8D4D3E0C /* ManualRecordValidation.swift in Sources */ = {isa = PBXBuildFile; fileRef = FC7F8230C9378705F0C30FB1 /* ManualRecordValidation.swift */; };
		07CA478A7FF15238B18452AE /* WeeklyReportView.swift in Sources */ = {isa = PBXBuildFile; fileRef = 26F5E2B5B6372D6CF3DEAEDF /* WeeklyReportView.swift */; };
		0DF57699844D7AFD6C6F7A78 /* VersionOneOneStoreModels.swift in Sources */ = {isa = PBXBuildFile; fileRef = 72217BBEC596884204916039 /* VersionOneOneStoreModels.swift */; };
		123E3355F4EB008CBB93FF86 /* LibraryView.swift in Sources */ = {isa = PBXBuildFile; fileRef = E0A14C31574087316905BD39 /* LibraryView.swift */; };
		13B7F302912A7DCE34839D23 /* GoalRevisionTransactionTests.swift in Sources */ = {isa = PBXBuildFile; fileRef = 71324731FAB56DCE122A27BE /* GoalRevisionTransactionTests.swift */; };
		147A7BE65134181CE2FE9884 /* BodyWeightEntry.swift in Sources */ = {isa = PBXBuildFile; fileRef = E6D840093FF2B98EDF67A855 /* BodyWeightEntry.swift */; };
		1490E6BCFC427696CFF2EECE /* ExerciseTrackingModes.json in Resources */ = {isa = PBXBuildFile; fileRef = BD655BBAAF943CB6069D2BF4 /* ExerciseTrackingModes.json */; };
		14D18ABA3E46D4583ED2D2DB /* BodyMapSceneView.swift in Sources */ = {isa = PBXBuildFile; fileRef = 98FCA764E0A6C6204C10A1EC /* BodyMapSceneView.swift */; };
		18557FA2CB827D5F2F28FE60 /* BodyMapFixtures.swift in Sources */ = {isa = PBXBuildFile; fileRef = 14F0384D366A00D5212DF372 /* BodyMapFixtures.swift */; };
		19DF72CB5DD6570E31D72F07 /* LocalHealthStorage.swift in Sources */ = {isa = PBXBuildFile; fileRef = EC16B45CC0B4B502EC6A2D3D /* LocalHealthStorage.swift */; };
		1A566EDB0CDF6C2755428A50 /* TrainingUpgradeTests.swift in Sources */ = {isa = PBXBuildFile; fileRef = 8B1C6F8FEFA351E7C396901C /* TrainingUpgradeTests.swift */; };
		1B7957A29FB221124FCED797 /* ProxyReportTransport.swift in Sources */ = {isa = PBXBuildFile; fileRef = B980CAFD464A40BED0CDEBA5 /* ProxyReportTransport.swift */; };
		1BBA35AEA8881CABB7565ECC /* DomainEnums.swift in Sources */ = {isa = PBXBuildFile; fileRef = 6628CDB82F795F2C641F577A /* DomainEnums.swift */; };
		1F23B094CA3ED8A7712CDD11 /* PROVENANCE.md in Resources */ = {isa = PBXBuildFile; fileRef = C5F3CFA5BFEAF14AEB0D069C /* PROVENANCE.md */; };
		2317DE6B69F9FB1B0202DF0C /* HealthManualBackup.swift in Sources */ = {isa = PBXBuildFile; fileRef = C150F1E9E69F927381172FFD /* HealthManualBackup.swift */; };
		295ABCBB2B3AE4B18E37565F /* HealthDataService.swift in Sources */ = {isa = PBXBuildFile; fileRef = 43B161F52F7E25F548C72FE4 /* HealthDataService.swift */; };
		2AC5038526CC387151C89C37 /* GoalRevisionValues.swift in Sources */ = {isa = PBXBuildFile; fileRef = A9AD7BB749E6376C26F3F36F /* GoalRevisionValues.swift */; };
		2EAA1DBA6537D58164FCA86B /* ai-report-contract.json in Resources */ = {isa = PBXBuildFile; fileRef = 365FEAD0F1B33F53B71919F3 /* ai-report-contract.json */; };
		31171CF603B308054E7A30F1 /* NutritionGoalRevision.swift in Sources */ = {isa = PBXBuildFile; fileRef = 4921E7C4B324727688526C2D /* NutritionGoalRevision.swift */; };
		3359EB29320B0F1CE335CF89 /* HealthValueMerge.swift in Sources */ = {isa = PBXBuildFile; fileRef = 2DC5319C02727CE30DD73DA2 /* HealthValueMerge.swift */; };
		3647D268C134DA5DF36F38FE /* PreviewSupport.swift in Sources */ = {isa = PBXBuildFile; fileRef = 35DDE3ACB1FCD48A7B450933 /* PreviewSupport.swift */; };
		3D094B53F762A9972CAB1E04 /* HealthNormalizationTests.swift in Sources */ = {isa = PBXBuildFile; fileRef = EC224FAF4441238A50F4BA5B /* HealthNormalizationTests.swift */; };
		3E33C403669173E55337F865 /* AIReportRealContractTests.swift in Sources */ = {isa = PBXBuildFile; fileRef = 7D487466DDA6B161237EB3BC /* AIReportRealContractTests.swift */; };
		3F18D3E5112919ECC2C6D5A5 /* HealthSyncTests.swift in Sources */ = {isa = PBXBuildFile; fileRef = CAE360D8B622F780230EC85C /* HealthSyncTests.swift */; };
		3F76649A88333A976CBA313A /* ExerciseCatalog.swift in Sources */ = {isa = PBXBuildFile; fileRef = F15FA22680EDF85603E77C79 /* ExerciseCatalog.swift */; };
		4088E59700F60C7F297376C3 /* HealthBackupTests.swift in Sources */ = {isa = PBXBuildFile; fileRef = 2708DCC26BF871C5D68D64E4 /* HealthBackupTests.swift */; };
		4148773DA5F16D3FB8DC3EB6 /* ReportDeviceIdentity.swift in Sources */ = {isa = PBXBuildFile; fileRef = DE491118AA5397A2C4BAF01B /* ReportDeviceIdentity.swift */; };
		43FEAA6FF61CBAA52461A007 /* ConsentValues.swift in Sources */ = {isa = PBXBuildFile; fileRef = BEDE09DD996FAAA231C8A279 /* ConsentValues.swift */; };
		470A517CA44799B48409332A /* ReportPolicy.swift in Sources */ = {isa = PBXBuildFile; fileRef = CCF9AC5FEBE90782D7367811 /* ReportPolicy.swift */; };
		48B4E2CA03C1ED25CD075E75 /* BackupArchiveTests.swift in Sources */ = {isa = PBXBuildFile; fileRef = F819D28659E211AE3074D366 /* BackupArchiveTests.swift */; };
		4E2ACEC45E48E06CF6D0DF57 /* LocalConsentStore.swift in Sources */ = {isa = PBXBuildFile; fileRef = 16689BA5DB2B0972DE9C7AA5 /* LocalConsentStore.swift */; };
		4ECE1E9A565F5B4487BDA2DB /* PrivacyInfo.xcprivacy in Resources */ = {isa = PBXBuildFile; fileRef = D6406F475D1B0CF5BA947AE9 /* PrivacyInfo.xcprivacy */; };
		532E5F20696097525E6A8AB5 /* TrainoteUITests.swift in Sources */ = {isa = PBXBuildFile; fileRef = 4682246A3C7BD7BA2BF52CA5 /* TrainoteUITests.swift */; };
		534439741935017D6BACB920 /* HealthRepositoryTests.swift in Sources */ = {isa = PBXBuildFile; fileRef = 1E48597578635A4D6988D9D5 /* HealthRepositoryTests.swift */; };
		5437306DC0D7418C4EDA4E46 /* DietLogCompleteness.swift in Sources */ = {isa = PBXBuildFile; fileRef = B9CF08C893727AF2EA34F34B /* DietLogCompleteness.swift */; };
		5C4D0DA77B99DFBF0E2332E3 /* NutritionView.swift in Sources */ = {isa = PBXBuildFile; fileRef = 43CC86A782E50C221F5B653C /* NutritionView.swift */; };
		5E035755369D02034F0FC5ED /* LICENSE.txt in Resources */ = {isa = PBXBuildFile; fileRef = 2F306AA36471C8F4C5FBB88F /* LICENSE.txt */; };
		63E745A9E9A8551D5C5001B1 /* WorkoutInsightsTests.swift in Sources */ = {isa = PBXBuildFile; fileRef = A82EC74C5771FFC38A8A1322 /* WorkoutInsightsTests.swift */; };
		65A9109792F29181F124C90F /* HealthQueryClient.swift in Sources */ = {isa = PBXBuildFile; fileRef = B61F7A0BD9581AF043ADAFEE /* HealthQueryClient.swift */; };
		65A9E4B6BFEA7C2A45392BFE /* NutritionUpgradeTests.swift in Sources */ = {isa = PBXBuildFile; fileRef = 056F26FE79427FD0EE47A2F5 /* NutritionUpgradeTests.swift */; };
		65E4647962F6AC5434B5899F /* DailyUseUpgradeUITests.swift in Sources */ = {isa = PBXBuildFile; fileRef = 490DA56FD8C5D38FDFD06D1C /* DailyUseUpgradeUITests.swift */; };
		6DF81CC5E2070D9128167092 /* README.md in Resources */ = {isa = PBXBuildFile; fileRef = E1B413469D6A8A1F517B2D75 /* README.md */; };
		70478EEA675A87D6DE971E85 /* GoalRevisionRepository.swift in Sources */ = {isa = PBXBuildFile; fileRef = B9E3111AE670BAA75E47CCA1 /* GoalRevisionRepository.swift */; };
		7132970C1BCD7BEC04FF1801 /* HealthFoundation.swift in Sources */ = {isa = PBXBuildFile; fileRef = 260199BD94DBA60F26BCEE34 /* HealthFoundation.swift */; };
		715BE546C11E96BAE81A1727 /* MuscleFeedback.swift in Sources */ = {isa = PBXBuildFile; fileRef = 82F261B8284B11224A930E8C /* MuscleFeedback.swift */; };
		71D05DF4CA3F5F8D70020220 /* mesh-muscle-map.json in Resources */ = {isa = PBXBuildFile; fileRef = 44E7711A746375EBFCB0F7A8 /* mesh-muscle-map.json */; };
		74B862B9B0B11881C1379CA5 /* AnalysisContractTests.swift in Sources */ = {isa = PBXBuildFile; fileRef = C3501E876F2A34E63BE66682 /* AnalysisContractTests.swift */; };
		76339E757DD7BAFC9E2CC45A /* RoutineViews.swift in Sources */ = {isa = PBXBuildFile; fileRef = 8DCB4C604700EA7C2BD07B98 /* RoutineViews.swift */; };
		7962B89415BAEF02FBC7B385 /* BodyMapPresentation.swift in Sources */ = {isa = PBXBuildFile; fileRef = B8ECCF5AD3F49395B1EAA064 /* BodyMapPresentation.swift */; };
		79F3219D1F1531EDC5BC8DE9 /* AIReportCard.swift in Sources */ = {isa = PBXBuildFile; fileRef = 7B8B96FAC2F94AAE346057CC /* AIReportCard.swift */; };
		8109D94DFC3C045FDCCE6C3C /* ai-report-trend-day-buckets.json in Resources */ = {isa = PBXBuildFile; fileRef = 273BFCDF2E22D0556F4C6496 /* ai-report-trend-day-buckets.json */; };
		862F7AC4CA956D19BACF8643 /* AnalysisValues.swift in Sources */ = {isa = PBXBuildFile; fileRef = 2EA77606EE1F6C3C9A4817BA /* AnalysisValues.swift */; };
		86A6323C1AB455DA56911FA3 /* BodyMapRendererView.swift in Sources */ = {isa = PBXBuildFile; fileRef = 4EF77638EC3AAF7D0132FDAD /* BodyMapRendererView.swift */; };
		87029459148998CAAA53D61A /* RoutineFactory.swift in Sources */ = {isa = PBXBuildFile; fileRef = 2877E662BC6B709088E9E1A9 /* RoutineFactory.swift */; };
		87C41505F990B4B7F2F304AE /* AIReportTests.swift in Sources */ = {isa = PBXBuildFile; fileRef = 3C86E92C25EA81701311B37F /* AIReportTests.swift */; };
		88FA441AFB1B55707ECF2800 /* BodyMapRenderInput.swift in Sources */ = {isa = PBXBuildFile; fileRef = DA54FA8D11721A8A1B086674 /* BodyMapRenderInput.swift */; };
		8D6B4FE8A24397A0B8D9D172 /* backup-v1.json in Resources */ = {isa = PBXBuildFile; fileRef = C91785E77B15E5CF7605491D /* backup-v1.json */; };
		90149B9EEAF49CA813408618 /* WorkoutModels.swift in Sources */ = {isa = PBXBuildFile; fileRef = 85CC5490582AE8F4F5C1B7B2 /* WorkoutModels.swift */; };
		965267E6FA6DF195503559D2 /* WorkoutHistoryFactory.swift in Sources */ = {isa = PBXBuildFile; fileRef = 02F66441FD2606AB5A84DE40 /* WorkoutHistoryFactory.swift */; };
		99DCCC01E53E5680837AB22F /* NutritionModels.swift in Sources */ = {isa = PBXBuildFile; fileRef = E1856DDF7D2EBFEE9AFD1FA2 /* NutritionModels.swift */; };
		9A5074CFCC6C92D358E3DE66 /* SwiftDataAnalysisRepository.swift in Sources */ = {isa = PBXBuildFile; fileRef = 8424241243F586A3CD4BB993 /* SwiftDataAnalysisRepository.swift */; };
		9B67A4042B2A2C92B6218F28 /* AnalysisFixtures.swift in Sources */ = {isa = PBXBuildFile; fileRef = 459196F034DA83194A521DDF /* AnalysisFixtures.swift */; };
		9BEA2F8F67BF23DCF9847234 /* HealthValues.swift in Sources */ = {isa = PBXBuildFile; fileRef = 0E60306C5C3EDD4A81279F42 /* HealthValues.swift */; };
		9D26009EAC5BD46855E56580 /* body-map-v1.json in Resources */ = {isa = PBXBuildFile; fileRef = 25A9DF0C7F7657C0E111CADB /* body-map-v1.json */; };
		A48287665A17996821C22621 /* AIReportTrendBoundaryTests.swift in Sources */ = {isa = PBXBuildFile; fileRef = 3BFF68FE1106B33353BDBE66 /* AIReportTrendBoundaryTests.swift */; };
		A4B1E2917965DEDA551B9118 /* WorkoutInsights.swift in Sources */ = {isa = PBXBuildFile; fileRef = FDE5C0955643C2033A1B8A1E /* WorkoutInsights.swift */; };
		A647FFC2CB3ADDCBD5A9EAFA /* PersistenceUpgradeTests.swift in Sources */ = {isa = PBXBuildFile; fileRef = B1DE70B1D56BC8974379B01A /* PersistenceUpgradeTests.swift */; };
		A921B691D8BEDAD822B9EBA1 /* TrainoteTests.swift in Sources */ = {isa = PBXBuildFile; fileRef = 75A716841CBA0C07DC0AF122 /* TrainoteTests.swift */; };
		AD2F75631458FF95B1F6FC1C /* BackupArchive.swift in Sources */ = {isa = PBXBuildFile; fileRef = 3916BA104D99C1CD12C2558C /* BackupArchive.swift */; };
		AE87F77C5482B08F85E5858E /* DailyCheckIn.swift in Sources */ = {isa = PBXBuildFile; fileRef = B31AE55158A7C0C54F49D5C7 /* DailyCheckIn.swift */; };
		B52C7E5892C829C8EC1A24D8 /* SettingsView.swift in Sources */ = {isa = PBXBuildFile; fileRef = 3E40DDCF1717FCB7E708D7F2 /* SettingsView.swift */; };
		B6DB6C94270C1C13AF48703D /* FoodLibraryView.swift in Sources */ = {isa = PBXBuildFile; fileRef = 5D4529ABD34D2C66FE107BC7 /* FoodLibraryView.swift */; };
		BA517CD7B5D192A6EE97E4E4 /* HealthConsentTests.swift in Sources */ = {isa = PBXBuildFile; fileRef = 0C895671EEF8A31494C8AE87 /* HealthConsentTests.swift */; };
		BB5B1A2D1F5FEBE5CC11AB97 /* AIReportAssembly.swift in Sources */ = {isa = PBXBuildFile; fileRef = 94EF3FBF2CDF5A10F98CEE0A /* AIReportAssembly.swift */; };
		BC01549540673C549648620A /* TrainingView.swift in Sources */ = {isa = PBXBuildFile; fileRef = B26083D46F1AA72F9C88A0F6 /* TrainingView.swift */; };
		CC92CE0DD0A3FC9DF5A595FC /* Assets.xcassets in Resources */ = {isa = PBXBuildFile; fileRef = 0560F190AE7D988893501104 /* Assets.xcassets */; };
		CE82798ADA947943ECD4E92D /* NutritionSummary.swift in Sources */ = {isa = PBXBuildFile; fileRef = 109FA723E6E7CDE633E1D1FC /* NutritionSummary.swift */; };
		D126D7DCA4CF58410D085DF7 /* ExerciseCatalog.json in Resources */ = {isa = PBXBuildFile; fileRef = F5395F24438996CDBEBF92C4 /* ExerciseCatalog.json */; };
		D76EC5C28906D0EE30B1030D /* AIReportTransportTests.swift in Sources */ = {isa = PBXBuildFile; fileRef = EF385ADA9FFFCEB4A4579B2E /* AIReportTransportTests.swift */; };
		D86A9E772FC39B657B540EC0 /* ReportSnapshotBuilder.swift in Sources */ = {isa = PBXBuildFile; fileRef = C6E03FC18A9ED0FEDC45E13D /* ReportSnapshotBuilder.swift */; };
		DC0B81A6C3C27BB844D619F1 /* AppShell.swift in Sources */ = {isa = PBXBuildFile; fileRef = E753264FCE568A126404149B /* AppShell.swift */; };
		DD5430A46A1E2DC02B58D93B /* BodyMapAsset.swift in Sources */ = {isa = PBXBuildFile; fileRef = 02267EF8786BEFAB1E9F0582 /* BodyMapAsset.swift */; };
		DDE226E964F8DFCFB86C75A2 /* ActiveWorkoutView.swift in Sources */ = {isa = PBXBuildFile; fileRef = ED5D39A73AA6FB27104C3236 /* ActiveWorkoutView.swift */; };
		E5265C2F4D487677A5496FFB /* BodyMapView.swift in Sources */ = {isa = PBXBuildFile; fileRef = 74055D258AA32E8FB2B3490B /* BodyMapView.swift */; };
		E8B6258EAE0F59527C212A31 /* BodyMapTests.swift in Sources */ = {isa = PBXBuildFile; fileRef = ECDC6333AB4DD54A67BBDA70 /* BodyMapTests.swift */; };
		ED93F32B31BA85F8C8FC326C /* ai-report-real-contract.json in Resources */ = {isa = PBXBuildFile; fileRef = E6CFFE3748736E18A0B5A4AB /* ai-report-real-contract.json */; };
		EDB21C343323975881C1203B /* BodyProfile.swift in Sources */ = {isa = PBXBuildFile; fileRef = B3C5211C74CE6CFCCD95F605 /* BodyProfile.swift */; };
		F2963E2E3D545A72ACA165A5 /* TrainoteApp.swift in Sources */ = {isa = PBXBuildFile; fileRef = 490FFA844AB42EA8BD546B33 /* TrainoteApp.swift */; };
		F393087226715EFE9CABE54E /* AIReportCache.swift in Sources */ = {isa = PBXBuildFile; fileRef = 744C373DC46848369D4D6120 /* AIReportCache.swift */; };
		F3CA38E14FB3D5402A1ECCF9 /* BodyMapScene.swift in Sources */ = {isa = PBXBuildFile; fileRef = F12E573D3A059CFD9D09A4E7 /* BodyMapScene.swift */; };
		F5726414EFECC015306283DC /* AnalysisPreferences.swift in Sources */ = {isa = PBXBuildFile; fileRef = 7B66E3EF281D052B514A6EB7 /* AnalysisPreferences.swift */; };
		F6791105EC06F96AEA9170DD /* ExerciseViews.swift in Sources */ = {isa = PBXBuildFile; fileRef = F35D7FA87E70C56CD3C37752 /* ExerciseViews.swift */; };
		F6B845965B90C02FAEBCF9CC /* THIRD_PARTY_NOTICES.md in Resources */ = {isa = PBXBuildFile; fileRef = A41C2E7C39A2181CD564FFDC /* THIRD_PARTY_NOTICES.md */; };
		FADFADA4E015E910BEEAF798 /* LegacyStoreModels.swift in Sources */ = {isa = PBXBuildFile; fileRef = C2B110CCB830235659F84FD6 /* LegacyStoreModels.swift */; };
		FDCF10BF8214813611C2842E /* BodyMapPreviewFixtures.swift in Sources */ = {isa = PBXBuildFile; fileRef = A3022021525F3997DF0B7515 /* BodyMapPreviewFixtures.swift */; };
/* End PBXBuildFile section */

/* Begin PBXContainerItemProxy section */
		6FA444A6795499B356602896 /* PBXContainerItemProxy */ = {
			isa = PBXContainerItemProxy;
			containerPortal = 8CCAC18B3ACE6AB51F467821 /* Project object */;
			proxyType = 1;
			remoteGlobalIDString = 47111B31744A7FA21248E615;
			remoteInfo = Trainote;
		};
		F0B74D1E1F8AF02F397465F1 /* PBXContainerItemProxy */ = {
			isa = PBXContainerItemProxy;
			containerPortal = 8CCAC18B3ACE6AB51F467821 /* Project object */;
			proxyType = 1;
			remoteGlobalIDString = 47111B31744A7FA21248E615;
			remoteInfo = Trainote;
		};
/* End PBXContainerItemProxy section */

/* Begin PBXFileReference section */
		02267EF8786BEFAB1E9F0582 /* BodyMapAsset.swift */ = {isa = PBXFileReference; lastKnownFileType = sourcecode.swift; path = BodyMapAsset.swift; sourceTree = "<group>"; };
		02F66441FD2606AB5A84DE40 /* WorkoutHistoryFactory.swift */ = {isa = PBXFileReference; lastKnownFileType = sourcecode.swift; path = WorkoutHistoryFactory.swift; sourceTree = "<group>"; };
		0560F190AE7D988893501104 /* Assets.xcassets */ = {isa = PBXFileReference; lastKnownFileType = folder.assetcatalog; path = Assets.xcassets; sourceTree = "<group>"; };
		056F26FE79427FD0EE47A2F5 /* NutritionUpgradeTests.swift */ = {isa = PBXFileReference; lastKnownFileType = sourcecode.swift; path = NutritionUpgradeTests.swift; sourceTree = "<group>"; };
		0C895671EEF8A31494C8AE87 /* HealthConsentTests.swift */ = {isa = PBXFileReference; lastKnownFileType = sourcecode.swift; path = HealthConsentTests.swift; sourceTree = "<group>"; };
		0E60306C5C3EDD4A81279F42 /* HealthValues.swift */ = {isa = PBXFileReference; lastKnownFileType = sourcecode.swift; path = HealthValues.swift; sourceTree = "<group>"; };
		109FA723E6E7CDE633E1D1FC /* NutritionSummary.swift */ = {isa = PBXFileReference; lastKnownFileType = sourcecode.swift; path = NutritionSummary.swift; sourceTree = "<group>"; };
		14F0384D366A00D5212DF372 /* BodyMapFixtures.swift */ = {isa = PBXFileReference; lastKnownFileType = sourcecode.swift; path = BodyMapFixtures.swift; sourceTree = "<group>"; };
		16689BA5DB2B0972DE9C7AA5 /* LocalConsentStore.swift */ = {isa = PBXFileReference; lastKnownFileType = sourcecode.swift; path = LocalConsentStore.swift; sourceTree = "<group>"; };
		1E48597578635A4D6988D9D5 /* HealthRepositoryTests.swift */ = {isa = PBXFileReference; lastKnownFileType = sourcecode.swift; path = HealthRepositoryTests.swift; sourceTree = "<group>"; };
		216D690271856ADBE1EB9D57 /* TodayView.swift */ = {isa = PBXFileReference; lastKnownFileType = sourcecode.swift; path = TodayView.swift; sourceTree = "<group>"; };
		23393194138B8787FCEE14CB /* RecommendationSnapshotTests.swift */ = {isa = PBXFileReference; lastKnownFileType = sourcecode.swift; path = RecommendationSnapshotTests.swift; sourceTree = "<group>"; };
		25A9DF0C7F7657C0E111CADB /* body-map-v1.json */ = {isa = PBXFileReference; lastKnownFileType = text.json; path = "body-map-v1.json"; sourceTree = "<group>"; };
		260199BD94DBA60F26BCEE34 /* HealthFoundation.swift */ = {isa = PBXFileReference; lastKnownFileType = sourcecode.swift; path = HealthFoundation.swift; sourceTree = "<group>"; };
		26F5E2B5B6372D6CF3DEAEDF /* WeeklyReportView.swift */ = {isa = PBXFileReference; lastKnownFileType = sourcecode.swift; path = WeeklyReportView.swift; sourceTree = "<group>"; };
		2708DCC26BF871C5D68D64E4 /* HealthBackupTests.swift */ = {isa = PBXFileReference; lastKnownFileType = sourcecode.swift; path = HealthBackupTests.swift; sourceTree = "<group>"; };
		273BFCDF2E22D0556F4C6496 /* ai-report-trend-day-buckets.json */ = {isa = PBXFileReference; lastKnownFileType = text.json; path = "ai-report-trend-day-buckets.json"; sourceTree = "<group>"; };
		2877E662BC6B709088E9E1A9 /* RoutineFactory.swift */ = {isa = PBXFileReference; lastKnownFileType = sourcecode.swift; path = RoutineFactory.swift; sourceTree = "<group>"; };
		2DC5319C02727CE30DD73DA2 /* HealthValueMerge.swift */ = {isa = PBXFileReference; lastKnownFileType = sourcecode.swift; path = HealthValueMerge.swift; sourceTree = "<group>"; };
		2EA77606EE1F6C3C9A4817BA /* AnalysisValues.swift */ = {isa = PBXFileReference; lastKnownFileType = sourcecode.swift; path = AnalysisValues.swift; sourceTree = "<group>"; };
		2F306AA36471C8F4C5FBB88F /* LICENSE.txt */ = {isa = PBXFileReference; lastKnownFileType = text; path = LICENSE.txt; sourceTree = "<group>"; };
		35DDE3ACB1FCD48A7B450933 /* PreviewSupport.swift */ = {isa = PBXFileReference; lastKnownFileType = sourcecode.swift; path = PreviewSupport.swift; sourceTree = "<group>"; };
		365FEAD0F1B33F53B71919F3 /* ai-report-contract.json */ = {isa = PBXFileReference; lastKnownFileType = text.json; path = "ai-report-contract.json"; sourceTree = "<group>"; };
		3916BA104D99C1CD12C2558C /* BackupArchive.swift */ = {isa = PBXFileReference; lastKnownFileType = sourcecode.swift; path = BackupArchive.swift; sourceTree = "<group>"; };
		3BFF68FE1106B33353BDBE66 /* AIReportTrendBoundaryTests.swift */ = {isa = PBXFileReference; lastKnownFileType = sourcecode.swift; path = AIReportTrendBoundaryTests.swift; sourceTree = "<group>"; };
		3C86E92C25EA81701311B37F /* AIReportTests.swift */ = {isa = PBXFileReference; lastKnownFileType = sourcecode.swift; path = AIReportTests.swift; sourceTree = "<group>"; };
		3E40DDCF1717FCB7E708D7F2 /* SettingsView.swift */ = {isa = PBXFileReference; lastKnownFileType = sourcecode.swift; path = SettingsView.swift; sourceTree = "<group>"; };
		43B161F52F7E25F548C72FE4 /* HealthDataService.swift */ = {isa = PBXFileReference; lastKnownFileType = sourcecode.swift; path = HealthDataService.swift; sourceTree = "<group>"; };
		43CC86A782E50C221F5B653C /* NutritionView.swift */ = {isa = PBXFileReference; lastKnownFileType = sourcecode.swift; path = NutritionView.swift; sourceTree = "<group>"; };
		44E7711A746375EBFCB0F7A8 /* mesh-muscle-map.json */ = {isa = PBXFileReference; lastKnownFileType = text.json; path = "mesh-muscle-map.json"; sourceTree = "<group>"; };
		459196F034DA83194A521DDF /* AnalysisFixtures.swift */ = {isa = PBXFileReference; lastKnownFileType = sourcecode.swift; path = AnalysisFixtures.swift; sourceTree = "<group>"; };
		4682246A3C7BD7BA2BF52CA5 /* TrainoteUITests.swift */ = {isa = PBXFileReference; lastKnownFileType = sourcecode.swift; path = TrainoteUITests.swift; sourceTree = "<group>"; };
		490DA56FD8C5D38FDFD06D1C /* DailyUseUpgradeUITests.swift */ = {isa = PBXFileReference; lastKnownFileType = sourcecode.swift; path = DailyUseUpgradeUITests.swift; sourceTree = "<group>"; };
		490FFA844AB42EA8BD546B33 /* TrainoteApp.swift */ = {isa = PBXFileReference; lastKnownFileType = sourcecode.swift; path = TrainoteApp.swift; sourceTree = "<group>"; };
		4921E7C4B324727688526C2D /* NutritionGoalRevision.swift */ = {isa = PBXFileReference; lastKnownFileType = sourcecode.swift; path = NutritionGoalRevision.swift; sourceTree = "<group>"; };
		4EF77638EC3AAF7D0132FDAD /* BodyMapRendererView.swift */ = {isa = PBXFileReference; lastKnownFileType = sourcecode.swift; path = BodyMapRendererView.swift; sourceTree = "<group>"; };
		5D4529ABD34D2C66FE107BC7 /* FoodLibraryView.swift */ = {isa = PBXFileReference; lastKnownFileType = sourcecode.swift; path = FoodLibraryView.swift; sourceTree = "<group>"; };
		5E4D76F824EF6808CA0A9E8F /* Trainote.entitlements */ = {isa = PBXFileReference; lastKnownFileType = text.plist.entitlements; path = Trainote.entitlements; sourceTree = "<group>"; };
		6628CDB82F795F2C641F577A /* DomainEnums.swift */ = {isa = PBXFileReference; lastKnownFileType = sourcecode.swift; path = DomainEnums.swift; sourceTree = "<group>"; };
		71324731FAB56DCE122A27BE /* GoalRevisionTransactionTests.swift */ = {isa = PBXFileReference; lastKnownFileType = sourcecode.swift; path = GoalRevisionTransactionTests.swift; sourceTree = "<group>"; };
		72217BBEC596884204916039 /* VersionOneOneStoreModels.swift */ = {isa = PBXFileReference; lastKnownFileType = sourcecode.swift; path = VersionOneOneStoreModels.swift; sourceTree = "<group>"; };
		74055D258AA32E8FB2B3490B /* BodyMapView.swift */ = {isa = PBXFileReference; lastKnownFileType = sourcecode.swift; path = BodyMapView.swift; sourceTree = "<group>"; };
		744C373DC46848369D4D6120 /* AIReportCache.swift */ = {isa = PBXFileReference; lastKnownFileType = sourcecode.swift; path = AIReportCache.swift; sourceTree = "<group>"; };
		75600386D2FB9FD472A74C72 /* TrainoteTests.xctest */ = {isa = PBXFileReference; includeInIndex = 0; lastKnownFileType = wrapper.cfbundle; path = TrainoteTests.xctest; sourceTree = BUILT_PRODUCTS_DIR; };
		75A716841CBA0C07DC0AF122 /* TrainoteTests.swift */ = {isa = PBXFileReference; lastKnownFileType = sourcecode.swift; path = TrainoteTests.swift; sourceTree = "<group>"; };
		7B66E3EF281D052B514A6EB7 /* AnalysisPreferences.swift */ = {isa = PBXFileReference; lastKnownFileType = sourcecode.swift; path = AnalysisPreferences.swift; sourceTree = "<group>"; };
		7B8B96FAC2F94AAE346057CC /* AIReportCard.swift */ = {isa = PBXFileReference; lastKnownFileType = sourcecode.swift; path = AIReportCard.swift; sourceTree = "<group>"; };
		7D487466DDA6B161237EB3BC /* AIReportRealContractTests.swift */ = {isa = PBXFileReference; lastKnownFileType = sourcecode.swift; path = AIReportRealContractTests.swift; sourceTree = "<group>"; };
		82F261B8284B11224A930E8C /* MuscleFeedback.swift */ = {isa = PBXFileReference; lastKnownFileType = sourcecode.swift; path = MuscleFeedback.swift; sourceTree = "<group>"; };
		8424241243F586A3CD4BB993 /* SwiftDataAnalysisRepository.swift */ = {isa = PBXFileReference; lastKnownFileType = sourcecode.swift; path = SwiftDataAnalysisRepository.swift; sourceTree = "<group>"; };
		85CC5490582AE8F4F5C1B7B2 /* WorkoutModels.swift */ = {isa = PBXFileReference; lastKnownFileType = sourcecode.swift; path = WorkoutModels.swift; sourceTree = "<group>"; };
		8B1C6F8FEFA351E7C396901C /* TrainingUpgradeTests.swift */ = {isa = PBXFileReference; lastKnownFileType = sourcecode.swift; path = TrainingUpgradeTests.swift; sourceTree = "<group>"; };
		8DCB4C604700EA7C2BD07B98 /* RoutineViews.swift */ = {isa = PBXFileReference; lastKnownFileType = sourcecode.swift; path = RoutineViews.swift; sourceTree = "<group>"; };
		94EF3FBF2CDF5A10F98CEE0A /* AIReportAssembly.swift */ = {isa = PBXFileReference; lastKnownFileType = sourcecode.swift; path = AIReportAssembly.swift; sourceTree = "<group>"; };
		98FCA764E0A6C6204C10A1EC /* BodyMapSceneView.swift */ = {isa = PBXFileReference; lastKnownFileType = sourcecode.swift; path = BodyMapSceneView.swift; sourceTree = "<group>"; };
		A3022021525F3997DF0B7515 /* BodyMapPreviewFixtures.swift */ = {isa = PBXFileReference; lastKnownFileType = sourcecode.swift; path = BodyMapPreviewFixtures.swift; sourceTree = "<group>"; };
		A41C2E7C39A2181CD564FFDC /* THIRD_PARTY_NOTICES.md */ = {isa = PBXFileReference; lastKnownFileType = net.daringfireball.markdown; path = THIRD_PARTY_NOTICES.md; sourceTree = "<group>"; };
		A6F493253C000F2133D51F3A /* TrainoteUITests.xctest */ = {isa = PBXFileReference; includeInIndex = 0; lastKnownFileType = wrapper.cfbundle; path = TrainoteUITests.xctest; sourceTree = BUILT_PRODUCTS_DIR; };
		A82EC74C5771FFC38A8A1322 /* WorkoutInsightsTests.swift */ = {isa = PBXFileReference; lastKnownFileType = sourcecode.swift; path = WorkoutInsightsTests.swift; sourceTree = "<group>"; };
		A9AD7BB749E6376C26F3F36F /* GoalRevisionValues.swift */ = {isa = PBXFileReference; lastKnownFileType = sourcecode.swift; path = GoalRevisionValues.swift; sourceTree = "<group>"; };
		B1DE70B1D56BC8974379B01A /* PersistenceUpgradeTests.swift */ = {isa = PBXFileReference; lastKnownFileType = sourcecode.swift; path = PersistenceUpgradeTests.swift; sourceTree = "<group>"; };
		B26083D46F1AA72F9C88A0F6 /* TrainingView.swift */ = {isa = PBXFileReference; lastKnownFileType = sourcecode.swift; path = TrainingView.swift; sourceTree = "<group>"; };
		B31AE55158A7C0C54F49D5C7 /* DailyCheckIn.swift */ = {isa = PBXFileReference; lastKnownFileType = sourcecode.swift; path = DailyCheckIn.swift; sourceTree = "<group>"; };
		B3C5211C74CE6CFCCD95F605 /* BodyProfile.swift */ = {isa = PBXFileReference; lastKnownFileType = sourcecode.swift; path = BodyProfile.swift; sourceTree = "<group>"; };
		B61F7A0BD9581AF043ADAFEE /* HealthQueryClient.swift */ = {isa = PBXFileReference; lastKnownFileType = sourcecode.swift; path = HealthQueryClient.swift; sourceTree = "<group>"; };
		B8ECCF5AD3F49395B1EAA064 /* BodyMapPresentation.swift */ = {isa = PBXFileReference; lastKnownFileType = sourcecode.swift; path = BodyMapPresentation.swift; sourceTree = "<group>"; };
		B980CAFD464A40BED0CDEBA5 /* ProxyReportTransport.swift */ = {isa = PBXFileReference; lastKnownFileType = sourcecode.swift; path = ProxyReportTransport.swift; sourceTree = "<group>"; };
		B9CF08C893727AF2EA34F34B /* DietLogCompleteness.swift */ = {isa = PBXFileReference; lastKnownFileType = sourcecode.swift; path = DietLogCompleteness.swift; sourceTree = "<group>"; };
		B9E3111AE670BAA75E47CCA1 /* GoalRevisionRepository.swift */ = {isa = PBXFileReference; lastKnownFileType = sourcecode.swift; path = GoalRevisionRepository.swift; sourceTree = "<group>"; };
		BD655BBAAF943CB6069D2BF4 /* ExerciseTrackingModes.json */ = {isa = PBXFileReference; lastKnownFileType = text.json; path = ExerciseTrackingModes.json; sourceTree = "<group>"; };
		BEDE09DD996FAAA231C8A279 /* ConsentValues.swift */ = {isa = PBXFileReference; lastKnownFileType = sourcecode.swift; path = ConsentValues.swift; sourceTree = "<group>"; };
		C150F1E9E69F927381172FFD /* HealthManualBackup.swift */ = {isa = PBXFileReference; lastKnownFileType = sourcecode.swift; path = HealthManualBackup.swift; sourceTree = "<group>"; };
		C2B110CCB830235659F84FD6 /* LegacyStoreModels.swift */ = {isa = PBXFileReference; lastKnownFileType = sourcecode.swift; path = LegacyStoreModels.swift; sourceTree = "<group>"; };
		C3501E876F2A34E63BE66682 /* AnalysisContractTests.swift */ = {isa = PBXFileReference; lastKnownFileType = sourcecode.swift; path = AnalysisContractTests.swift; sourceTree = "<group>"; };
		C5F3CFA5BFEAF14AEB0D069C /* PROVENANCE.md */ = {isa = PBXFileReference; lastKnownFileType = net.daringfireball.markdown; path = PROVENANCE.md; sourceTree = "<group>"; };
		C6E03FC18A9ED0FEDC45E13D /* ReportSnapshotBuilder.swift */ = {isa = PBXFileReference; lastKnownFileType = sourcecode.swift; path = ReportSnapshotBuilder.swift; sourceTree = "<group>"; };
		C91785E77B15E5CF7605491D /* backup-v1.json */ = {isa = PBXFileReference; lastKnownFileType = text.json; path = "backup-v1.json"; sourceTree = "<group>"; };
		CAE360D8B622F780230EC85C /* HealthSyncTests.swift */ = {isa = PBXFileReference; lastKnownFileType = sourcecode.swift; path = HealthSyncTests.swift; sourceTree = "<group>"; };
		CCF9AC5FEBE90782D7367811 /* ReportPolicy.swift */ = {isa = PBXFileReference; lastKnownFileType = sourcecode.swift; path = ReportPolicy.swift; sourceTree = "<group>"; };
		D6406F475D1B0CF5BA947AE9 /* PrivacyInfo.xcprivacy */ = {isa = PBXFileReference; path = PrivacyInfo.xcprivacy; sourceTree = "<group>"; };
		DA54FA8D11721A8A1B086674 /* BodyMapRenderInput.swift */ = {isa = PBXFileReference; lastKnownFileType = sourcecode.swift; path = BodyMapRenderInput.swift; sourceTree = "<group>"; };
		DADC65441A7FCD4F6FCB97C8 /* AIReportService.swift */ = {isa = PBXFileReference; lastKnownFileType = sourcecode.swift; path = AIReportService.swift; sourceTree = "<group>"; };
		DE491118AA5397A2C4BAF01B /* ReportDeviceIdentity.swift */ = {isa = PBXFileReference; lastKnownFileType = sourcecode.swift; path = ReportDeviceIdentity.swift; sourceTree = "<group>"; };
		E0A14C31574087316905BD39 /* LibraryView.swift */ = {isa = PBXFileReference; lastKnownFileType = sourcecode.swift; path = LibraryView.swift; sourceTree = "<group>"; };
		E1856DDF7D2EBFEE9AFD1FA2 /* NutritionModels.swift */ = {isa = PBXFileReference; lastKnownFileType = sourcecode.swift; path = NutritionModels.swift; sourceTree = "<group>"; };
		E1B413469D6A8A1F517B2D75 /* README.md */ = {isa = PBXFileReference; lastKnownFileType = net.daringfireball.markdown; path = README.md; sourceTree = "<group>"; };
		E6CFFE3748736E18A0B5A4AB /* ai-report-real-contract.json */ = {isa = PBXFileReference; lastKnownFileType = text.json; path = "ai-report-real-contract.json"; sourceTree = "<group>"; };
		E6D840093FF2B98EDF67A855 /* BodyWeightEntry.swift */ = {isa = PBXFileReference; lastKnownFileType = sourcecode.swift; path = BodyWeightEntry.swift; sourceTree = "<group>"; };
		E753264FCE568A126404149B /* AppShell.swift */ = {isa = PBXFileReference; lastKnownFileType = sourcecode.swift; path = AppShell.swift; sourceTree = "<group>"; };
		EC16B45CC0B4B502EC6A2D3D /* LocalHealthStorage.swift */ = {isa = PBXFileReference; lastKnownFileType = sourcecode.swift; path = LocalHealthStorage.swift; sourceTree = "<group>"; };
		EC224FAF4441238A50F4BA5B /* HealthNormalizationTests.swift */ = {isa = PBXFileReference; lastKnownFileType = sourcecode.swift; path = HealthNormalizationTests.swift; sourceTree = "<group>"; };
		ECDC6333AB4DD54A67BBDA70 /* BodyMapTests.swift */ = {isa = PBXFileReference; lastKnownFileType = sourcecode.swift; path = BodyMapTests.swift; sourceTree = "<group>"; };
		ED5D39A73AA6FB27104C3236 /* ActiveWorkoutView.swift */ = {isa = PBXFileReference; lastKnownFileType = sourcecode.swift; path = ActiveWorkoutView.swift; sourceTree = "<group>"; };
		EEA047039A1DBDB52852017B /* Trainote.app */ = {isa = PBXFileReference; includeInIndex = 0; lastKnownFileType = wrapper.application; path = Trainote.app; sourceTree = BUILT_PRODUCTS_DIR; };
		EF385ADA9FFFCEB4A4579B2E /* AIReportTransportTests.swift */ = {isa = PBXFileReference; lastKnownFileType = sourcecode.swift; path = AIReportTransportTests.swift; sourceTree = "<group>"; };
		F12E573D3A059CFD9D09A4E7 /* BodyMapScene.swift */ = {isa = PBXFileReference; lastKnownFileType = sourcecode.swift; path = BodyMapScene.swift; sourceTree = "<group>"; };
		F15FA22680EDF85603E77C79 /* ExerciseCatalog.swift */ = {isa = PBXFileReference; lastKnownFileType = sourcecode.swift; path = ExerciseCatalog.swift; sourceTree = "<group>"; };
		F35D7FA87E70C56CD3C37752 /* ExerciseViews.swift */ = {isa = PBXFileReference; lastKnownFileType = sourcecode.swift; path = ExerciseViews.swift; sourceTree = "<group>"; };
		F5395F24438996CDBEBF92C4 /* ExerciseCatalog.json */ = {isa = PBXFileReference; lastKnownFileType = text.json; path = ExerciseCatalog.json; sourceTree = "<group>"; };
		F819D28659E211AE3074D366 /* BackupArchiveTests.swift */ = {isa = PBXFileReference; lastKnownFileType = sourcecode.swift; path = BackupArchiveTests.swift; sourceTree = "<group>"; };
		FC7F8230C9378705F0C30FB1 /* ManualRecordValidation.swift */ = {isa = PBXFileReference; lastKnownFileType = sourcecode.swift; path = ManualRecordValidation.swift; sourceTree = "<group>"; };
		FDE5C0955643C2033A1B8A1E /* WorkoutInsights.swift */ = {isa = PBXFileReference; lastKnownFileType = sourcecode.swift; path = WorkoutInsights.swift; sourceTree = "<group>"; };
/* End PBXFileReference section */

/* Begin PBXGroup section */
		0F35C6049E809389C2AC496C /* Fixtures */ = {
			isa = PBXGroup;
			children = (
				365FEAD0F1B33F53B71919F3 /* ai-report-contract.json */,
				E6CFFE3748736E18A0B5A4AB /* ai-report-real-contract.json */,
				273BFCDF2E22D0556F4C6496 /* ai-report-trend-day-buckets.json */,
				C91785E77B15E5CF7605491D /* backup-v1.json */,
			);
			path = Fixtures;
			sourceTree = "<group>";
		};
		114FD2898F4093CE2AC4D973 /* TrainoteTests */ = {
			isa = PBXGroup;
			children = (
				7D487466DDA6B161237EB3BC /* AIReportRealContractTests.swift */,
				3C86E92C25EA81701311B37F /* AIReportTests.swift */,
				EF385ADA9FFFCEB4A4579B2E /* AIReportTransportTests.swift */,
				3BFF68FE1106B33353BDBE66 /* AIReportTrendBoundaryTests.swift */,
				C3501E876F2A34E63BE66682 /* AnalysisContractTests.swift */,
				F819D28659E211AE3074D366 /* BackupArchiveTests.swift */,
				ECDC6333AB4DD54A67BBDA70 /* BodyMapTests.swift */,
				71324731FAB56DCE122A27BE /* GoalRevisionTransactionTests.swift */,
				2708DCC26BF871C5D68D64E4 /* HealthBackupTests.swift */,
				0C895671EEF8A31494C8AE87 /* HealthConsentTests.swift */,
				EC224FAF4441238A50F4BA5B /* HealthNormalizationTests.swift */,
				1E48597578635A4D6988D9D5 /* HealthRepositoryTests.swift */,
				CAE360D8B622F780230EC85C /* HealthSyncTests.swift */,
				C2B110CCB830235659F84FD6 /* LegacyStoreModels.swift */,
				056F26FE79427FD0EE47A2F5 /* NutritionUpgradeTests.swift */,
				B1DE70B1D56BC8974379B01A /* PersistenceUpgradeTests.swift */,
				23393194138B8787FCEE14CB /* RecommendationSnapshotTests.swift */,
				8B1C6F8FEFA351E7C396901C /* TrainingUpgradeTests.swift */,
				75A716841CBA0C07DC0AF122 /* TrainoteTests.swift */,
				72217BBEC596884204916039 /* VersionOneOneStoreModels.swift */,
				A82EC74C5771FFC38A8A1322 /* WorkoutInsightsTests.swift */,
				0F35C6049E809389C2AC496C /* Fixtures */,
			);
			path = TrainoteTests;
			sourceTree = "<group>";
		};
		18C7C2B68931D3A9AE337D41 /* Services */ = {
			isa = PBXGroup;
			children = (
				3916BA104D99C1CD12C2558C /* BackupArchive.swift */,
				F15FA22680EDF85603E77C79 /* ExerciseCatalog.swift */,
				109FA723E6E7CDE633E1D1FC /* NutritionSummary.swift */,
				2877E662BC6B709088E9E1A9 /* RoutineFactory.swift */,
				02F66441FD2606AB5A84DE40 /* WorkoutHistoryFactory.swift */,
				FDE5C0955643C2033A1B8A1E /* WorkoutInsights.swift */,
				447F72C3C127A92C94031F61 /* AIReports */,
				FA1BC41792F82F22867CFAF6 /* Analysis */,
				CC20BE82F5D2113D8C800EF9 /* HealthData */,
			);
			path = Services;
			sourceTree = "<group>";
		};
		2052F1F7CA501D53D01D149A /* App */ = {
			isa = PBXGroup;
			children = (
				E753264FCE568A126404149B /* AppShell.swift */,
				490FFA844AB42EA8BD546B33 /* TrainoteApp.swift */,
			);
			path = App;
			sourceTree = "<group>";
		};
		295ACD86AFD59F41C7EC5389 /* BodyMap */ = {
			isa = PBXGroup;
			children = (
				25A9DF0C7F7657C0E111CADB /* body-map-v1.json */,
				2F306AA36471C8F4C5FBB88F /* LICENSE.txt */,
				44E7711A746375EBFCB0F7A8 /* mesh-muscle-map.json */,
				C5F3CFA5BFEAF14AEB0D069C /* PROVENANCE.md */,
			);
			path = BodyMap;
			sourceTree = "<group>";
		};
		2E71C0CB75C6D07B65CE8889 /* BodyMap */ = {
			isa = PBXGroup;
			children = (
				02267EF8786BEFAB1E9F0582 /* BodyMapAsset.swift */,
				A3022021525F3997DF0B7515 /* BodyMapPreviewFixtures.swift */,
				4EF77638EC3AAF7D0132FDAD /* BodyMapRendererView.swift */,
				DA54FA8D11721A8A1B086674 /* BodyMapRenderInput.swift */,
				F12E573D3A059CFD9D09A4E7 /* BodyMapScene.swift */,
				98FCA764E0A6C6204C10A1EC /* BodyMapSceneView.swift */,
				74055D258AA32E8FB2B3490B /* BodyMapView.swift */,
			);
			path = BodyMap;
			sourceTree = "<group>";
		};
		3CFBD97E08FE389AB1E06293 = {
			isa = PBXGroup;
			children = (
				965420E926F88EBD150CC9C2 /* Trainote */,
				114FD2898F4093CE2AC4D973 /* TrainoteTests */,
				AF9A28F99CBFDAAFDFBE6C35 /* TrainoteUITests */,
				CE6491D3A062EB7FA0C67021 /* Products */,
			);
			sourceTree = "<group>";
		};
		3E592AA07C33704B83E6316B /* Library */ = {
			isa = PBXGroup;
			children = (
				5D4529ABD34D2C66FE107BC7 /* FoodLibraryView.swift */,
				E0A14C31574087316905BD39 /* LibraryView.swift */,
				8DCB4C604700EA7C2BD07B98 /* RoutineViews.swift */,
			);
			path = Library;
			sourceTree = "<group>";
		};
		447F72C3C127A92C94031F61 /* AIReports */ = {
			isa = PBXGroup;
			children = (
				94EF3FBF2CDF5A10F98CEE0A /* AIReportAssembly.swift */,
				744C373DC46848369D4D6120 /* AIReportCache.swift */,
				DADC65441A7FCD4F6FCB97C8 /* AIReportService.swift */,
				B980CAFD464A40BED0CDEBA5 /* ProxyReportTransport.swift */,
				E1B413469D6A8A1F517B2D75 /* README.md */,
				DE491118AA5397A2C4BAF01B /* ReportDeviceIdentity.swift */,
				CCF9AC5FEBE90782D7367811 /* ReportPolicy.swift */,
			);
			path = AIReports;
			sourceTree = "<group>";
		};
		71ED8314A94879BE1D78F12C /* Today */ = {
			isa = PBXGroup;
			children = (
				216D690271856ADBE1EB9D57 /* TodayView.swift */,
				26F5E2B5B6372D6CF3DEAEDF /* WeeklyReportView.swift */,
			);
			path = Today;
			sourceTree = "<group>";
		};
		8164AD270F7291127122FBF9 /* Models */ = {
			isa = PBXGroup;
			children = (
				6628CDB82F795F2C641F577A /* DomainEnums.swift */,
				E1856DDF7D2EBFEE9AFD1FA2 /* NutritionModels.swift */,
				85CC5490582AE8F4F5C1B7B2 /* WorkoutModels.swift */,
				E9FBE35E3CEC26BAA67AA959 /* Health */,
			);
			path = Models;
			sourceTree = "<group>";
		};
		930B6C28B4A9C5618AB21F46 /* Nutrition */ = {
			isa = PBXGroup;
			children = (
				43CC86A782E50C221F5B653C /* NutritionView.swift */,
			);
			path = Nutrition;
			sourceTree = "<group>";
		};
		93D6F5814A9DC4F67DE42538 /* Features */ = {
			isa = PBXGroup;
			children = (
				9B27922FA8F50D093A66101F /* AIReports */,
				3E592AA07C33704B83E6316B /* Library */,
				930B6C28B4A9C5618AB21F46 /* Nutrition */,
				B92528DD06416A72F40C3715 /* Recovery */,
				EC89C1C0EB7179978BFF9215 /* Settings */,
				AA50E37EF2E89A60B30F4DFD /* Shared */,
				71ED8314A94879BE1D78F12C /* Today */,
				B42087DBBF5C09036489F9F4 /* Training */,
			);
			path = Features;
			sourceTree = "<group>";
		};
		965420E926F88EBD150CC9C2 /* Trainote */ = {
			isa = PBXGroup;
			children = (
				0560F190AE7D988893501104 /* Assets.xcassets */,
				5E4D76F824EF6808CA0A9E8F /* Trainote.entitlements */,
				2052F1F7CA501D53D01D149A /* App */,
				93D6F5814A9DC4F67DE42538 /* Features */,
				8164AD270F7291127122FBF9 /* Models */,
				CCA02B512DBFE23E239EF47D /* Previews */,
				9E6027A637F6B078E2C6012B /* Resources */,
				18C7C2B68931D3A9AE337D41 /* Services */,
			);
			path = Trainote;
			sourceTree = "<group>";
		};
		9B27922FA8F50D093A66101F /* AIReports */ = {
			isa = PBXGroup;
			children = (
				7B8B96FAC2F94AAE346057CC /* AIReportCard.swift */,
			);
			path = AIReports;
			sourceTree = "<group>";
		};
		9E6027A637F6B078E2C6012B /* Resources */ = {
			isa = PBXGroup;
			children = (
				F5395F24438996CDBEBF92C4 /* ExerciseCatalog.json */,
				BD655BBAAF943CB6069D2BF4 /* ExerciseTrackingModes.json */,
				D6406F475D1B0CF5BA947AE9 /* PrivacyInfo.xcprivacy */,
				A41C2E7C39A2181CD564FFDC /* THIRD_PARTY_NOTICES.md */,
				295ACD86AFD59F41C7EC5389 /* BodyMap */,
			);
			path = Resources;
			sourceTree = "<group>";
		};
		AA50E37EF2E89A60B30F4DFD /* Shared */ = {
			isa = PBXGroup;
			children = (
				F35D7FA87E70C56CD3C37752 /* ExerciseViews.swift */,
			);
			path = Shared;
			sourceTree = "<group>";
		};
		AF9A28F99CBFDAAFDFBE6C35 /* TrainoteUITests */ = {
			isa = PBXGroup;
			children = (
				490DA56FD8C5D38FDFD06D1C /* DailyUseUpgradeUITests.swift */,
				4682246A3C7BD7BA2BF52CA5 /* TrainoteUITests.swift */,
			);
			path = TrainoteUITests;
			sourceTree = "<group>";
		};
		B42087DBBF5C09036489F9F4 /* Training */ = {
			isa = PBXGroup;
			children = (
				ED5D39A73AA6FB27104C3236 /* ActiveWorkoutView.swift */,
				B26083D46F1AA72F9C88A0F6 /* TrainingView.swift */,
			);
			path = Training;
			sourceTree = "<group>";
		};
		B92528DD06416A72F40C3715 /* Recovery */ = {
			isa = PBXGroup;
			children = (
				2E71C0CB75C6D07B65CE8889 /* BodyMap */,
			);
			path = Recovery;
			sourceTree = "<group>";
		};
		CC20BE82F5D2113D8C800EF9 /* HealthData */ = {
			isa = PBXGroup;
			children = (
				B9E3111AE670BAA75E47CCA1 /* GoalRevisionRepository.swift */,
				43B161F52F7E25F548C72FE4 /* HealthDataService.swift */,
				260199BD94DBA60F26BCEE34 /* HealthFoundation.swift */,
				C150F1E9E69F927381172FFD /* HealthManualBackup.swift */,
				B61F7A0BD9581AF043ADAFEE /* HealthQueryClient.swift */,
				2DC5319C02727CE30DD73DA2 /* HealthValueMerge.swift */,
				16689BA5DB2B0972DE9C7AA5 /* LocalConsentStore.swift */,
				EC16B45CC0B4B502EC6A2D3D /* LocalHealthStorage.swift */,
				FC7F8230C9378705F0C30FB1 /* ManualRecordValidation.swift */,
				C6E03FC18A9ED0FEDC45E13D /* ReportSnapshotBuilder.swift */,
				8424241243F586A3CD4BB993 /* SwiftDataAnalysisRepository.swift */,
			);
			path = HealthData;
			sourceTree = "<group>";
		};
		CCA02B512DBFE23E239EF47D /* Previews */ = {
			isa = PBXGroup;
			children = (
				35DDE3ACB1FCD48A7B450933 /* PreviewSupport.swift */,
			);
			path = Previews;
			sourceTree = "<group>";
		};
		CE6491D3A062EB7FA0C67021 /* Products */ = {
			isa = PBXGroup;
			children = (
				EEA047039A1DBDB52852017B /* Trainote.app */,
				75600386D2FB9FD472A74C72 /* TrainoteTests.xctest */,
				A6F493253C000F2133D51F3A /* TrainoteUITests.xctest */,
			);
			name = Products;
			sourceTree = "<group>";
		};
		D7171516E64AC5F2DBD758DB /* Contracts */ = {
			isa = PBXGroup;
			children = (
				459196F034DA83194A521DDF /* AnalysisFixtures.swift */,
				2EA77606EE1F6C3C9A4817BA /* AnalysisValues.swift */,
				14F0384D366A00D5212DF372 /* BodyMapFixtures.swift */,
				B8ECCF5AD3F49395B1EAA064 /* BodyMapPresentation.swift */,
				BEDE09DD996FAAA231C8A279 /* ConsentValues.swift */,
				A9AD7BB749E6376C26F3F36F /* GoalRevisionValues.swift */,
				0E60306C5C3EDD4A81279F42 /* HealthValues.swift */,
			);
			path = Contracts;
			sourceTree = "<group>";
		};
		E9FBE35E3CEC26BAA67AA959 /* Health */ = {
			isa = PBXGroup;
			children = (
				7B66E3EF281D052B514A6EB7 /* AnalysisPreferences.swift */,
				B3C5211C74CE6CFCCD95F605 /* BodyProfile.swift */,
				E6D840093FF2B98EDF67A855 /* BodyWeightEntry.swift */,
				B31AE55158A7C0C54F49D5C7 /* DailyCheckIn.swift */,
				B9CF08C893727AF2EA34F34B /* DietLogCompleteness.swift */,
				82F261B8284B11224A930E8C /* MuscleFeedback.swift */,
				4921E7C4B324727688526C2D /* NutritionGoalRevision.swift */,
			);
			path = Health;
			sourceTree = "<group>";
		};
		EC89C1C0EB7179978BFF9215 /* Settings */ = {
			isa = PBXGroup;
			children = (
				3E40DDCF1717FCB7E708D7F2 /* SettingsView.swift */,
			);
			path = Settings;
			sourceTree = "<group>";
		};
		FA1BC41792F82F22867CFAF6 /* Analysis */ = {
			isa = PBXGroup;
			children = (
				D7171516E64AC5F2DBD758DB /* Contracts */,
			);
			path = Analysis;
			sourceTree = "<group>";
		};
/* End PBXGroup section */

/* Begin PBXNativeTarget section */
		172081599F492DF898FF8A06 /* TrainoteTests */ = {
			isa = PBXNativeTarget;
			buildConfigurationList = 1F67CC7494044F5DBD8774AC /* Build configuration list for PBXNativeTarget "TrainoteTests" */;
			buildPhases = (
				761DFA0F9E7AAB56DEA4277E /* Sources */,
				B18F46C740E263F0B368ACD8 /* Resources */,
			);
			buildRules = (
			);
			dependencies = (
				D9E372C9A218A0147734EF38 /* PBXTargetDependency */,
			);
			name = TrainoteTests;
			packageProductDependencies = (
			);
			productName = TrainoteTests;
			productReference = 75600386D2FB9FD472A74C72 /* TrainoteTests.xctest */;
			productType = "com.apple.product-type.bundle.unit-test";
		};
		47111B31744A7FA21248E615 /* Trainote */ = {
			isa = PBXNativeTarget;
			buildConfigurationList = D137DADC18787C0ED4DE210E /* Build configuration list for PBXNativeTarget "Trainote" */;
			buildPhases = (
				CA21410C706A448EB2B80AFA /* Sources */,
				7367BF6D60461287C2BA3128 /* Resources */,
			);
			buildRules = (
			);
			dependencies = (
			);
			name = Trainote;
			packageProductDependencies = (
			);
			productName = Trainote;
			productReference = EEA047039A1DBDB52852017B /* Trainote.app */;
			productType = "com.apple.product-type.application";
		};
		B17EDB36C7484639EBB4858B /* TrainoteUITests */ = {
			isa = PBXNativeTarget;
			buildConfigurationList = 269A8E5EFB24A2305405FCE5 /* Build configuration list for PBXNativeTarget "TrainoteUITests" */;
			buildPhases = (
				176C40DC1D74AD7CCB37C423 /* Sources */,
			);
			buildRules = (
			);
			dependencies = (
				8D31928B569D5A6F37D40871 /* PBXTargetDependency */,
			);
			name = TrainoteUITests;
			packageProductDependencies = (
			);
			productName = TrainoteUITests;
			productReference = A6F493253C000F2133D51F3A /* TrainoteUITests.xctest */;
			productType = "com.apple.product-type.bundle.ui-testing";
		};
/* End PBXNativeTarget section */

/* Begin PBXProject section */
		8CCAC18B3ACE6AB51F467821 /* Project object */ = {
			isa = PBXProject;
			attributes = {
				BuildIndependentTargetsInParallel = YES;
				LastUpgradeCheck = 1430;
				TargetAttributes = {
					B17EDB36C7484639EBB4858B = {
						TestTargetID = 47111B31744A7FA21248E615;
					};
				};
			};
			buildConfigurationList = DACA404372366FBEF50DCC62 /* Build configuration list for PBXProject "Trainote" */;
			developmentRegion = "zh-Hans";
			hasScannedForEncodings = 0;
			knownRegions = (
				Base,
				"zh-Hans",
			);
			mainGroup = 3CFBD97E08FE389AB1E06293;
			minimizedProjectReferenceProxies = 1;
			preferredProjectObjectVersion = 77;
			productRefGroup = CE6491D3A062EB7FA0C67021 /* Products */;
			projectDirPath = "";
			projectRoot = "";
			targets = (
				47111B31744A7FA21248E615 /* Trainote */,
				172081599F492DF898FF8A06 /* TrainoteTests */,
				B17EDB36C7484639EBB4858B /* TrainoteUITests */,
			);
		};
/* End PBXProject section */

/* Begin PBXResourcesBuildPhase section */
		7367BF6D60461287C2BA3128 /* Resources */ = {
			isa = PBXResourcesBuildPhase;
			buildActionMask = 2147483647;
			files = (
				CC92CE0DD0A3FC9DF5A595FC /* Assets.xcassets in Resources */,
				D126D7DCA4CF58410D085DF7 /* ExerciseCatalog.json in Resources */,
				1490E6BCFC427696CFF2EECE /* ExerciseTrackingModes.json in Resources */,
				5E035755369D02034F0FC5ED /* LICENSE.txt in Resources */,
				1F23B094CA3ED8A7712CDD11 /* PROVENANCE.md in Resources */,
				4ECE1E9A565F5B4487BDA2DB /* PrivacyInfo.xcprivacy in Resources */,
				6DF81CC5E2070D9128167092 /* README.md in Resources */,
				F6B845965B90C02FAEBCF9CC /* THIRD_PARTY_NOTICES.md in Resources */,
				9D26009EAC5BD46855E56580 /* body-map-v1.json in Resources */,
				71D05DF4CA3F5F8D70020220 /* mesh-muscle-map.json in Resources */,
			);
			runOnlyForDeploymentPostprocessing = 0;
		};
		B18F46C740E263F0B368ACD8 /* Resources */ = {
			isa = PBXResourcesBuildPhase;
			buildActionMask = 2147483647;
			files = (
				2EAA1DBA6537D58164FCA86B /* ai-report-contract.json in Resources */,
				ED93F32B31BA85F8C8FC326C /* ai-report-real-contract.json in Resources */,
				8109D94DFC3C045FDCCE6C3C /* ai-report-trend-day-buckets.json in Resources */,
				8D6B4FE8A24397A0B8D9D172 /* backup-v1.json in Resources */,
			);
			runOnlyForDeploymentPostprocessing = 0;
		};
/* End PBXResourcesBuildPhase section */

/* Begin PBXSourcesBuildPhase section */
		176C40DC1D74AD7CCB37C423 /* Sources */ = {
			isa = PBXSourcesBuildPhase;
			buildActionMask = 2147483647;
			files = (
				65E4647962F6AC5434B5899F /* DailyUseUpgradeUITests.swift in Sources */,
				532E5F20696097525E6A8AB5 /* TrainoteUITests.swift in Sources */,
			);
			runOnlyForDeploymentPostprocessing = 0;
		};
		761DFA0F9E7AAB56DEA4277E /* Sources */ = {
			isa = PBXSourcesBuildPhase;
			buildActionMask = 2147483647;
			files = (
				3E33C403669173E55337F865 /* AIReportRealContractTests.swift in Sources */,
				87C41505F990B4B7F2F304AE /* AIReportTests.swift in Sources */,
				D76EC5C28906D0EE30B1030D /* AIReportTransportTests.swift in Sources */,
				A48287665A17996821C22621 /* AIReportTrendBoundaryTests.swift in Sources */,
				74B862B9B0B11881C1379CA5 /* AnalysisContractTests.swift in Sources */,
				48B4E2CA03C1ED25CD075E75 /* BackupArchiveTests.swift in Sources */,
				E8B6258EAE0F59527C212A31 /* BodyMapTests.swift in Sources */,
				13B7F302912A7DCE34839D23 /* GoalRevisionTransactionTests.swift in Sources */,
				4088E59700F60C7F297376C3 /* HealthBackupTests.swift in Sources */,
				BA517CD7B5D192A6EE97E4E4 /* HealthConsentTests.swift in Sources */,
				3D094B53F762A9972CAB1E04 /* HealthNormalizationTests.swift in Sources */,
				534439741935017D6BACB920 /* HealthRepositoryTests.swift in Sources */,
				3F18D3E5112919ECC2C6D5A5 /* HealthSyncTests.swift in Sources */,
				FADFADA4E015E910BEEAF798 /* LegacyStoreModels.swift in Sources */,
				65A9E4B6BFEA7C2A45392BFE /* NutritionUpgradeTests.swift in Sources */,
				A647FFC2CB3ADDCBD5A9EAFA /* PersistenceUpgradeTests.swift in Sources */,
				02059411928B934A1E5FAB91 /* RecommendationSnapshotTests.swift in Sources */,
				1A566EDB0CDF6C2755428A50 /* TrainingUpgradeTests.swift in Sources */,
				A921B691D8BEDAD822B9EBA1 /* TrainoteTests.swift in Sources */,
				0DF57699844D7AFD6C6F7A78 /* VersionOneOneStoreModels.swift in Sources */,
				63E745A9E9A8551D5C5001B1 /* WorkoutInsightsTests.swift in Sources */,
			);
			runOnlyForDeploymentPostprocessing = 0;
		};
		CA21410C706A448EB2B80AFA /* Sources */ = {
			isa = PBXSourcesBuildPhase;
			buildActionMask = 2147483647;
			files = (
				BB5B1A2D1F5FEBE5CC11AB97 /* AIReportAssembly.swift in Sources */,
				F393087226715EFE9CABE54E /* AIReportCache.swift in Sources */,
				79F3219D1F1531EDC5BC8DE9 /* AIReportCard.swift in Sources */,
				03FF54E4B701459396CF9AA0 /* AIReportService.swift in Sources */,
				DDE226E964F8DFCFB86C75A2 /* ActiveWorkoutView.swift in Sources */,
				9B67A4042B2A2C92B6218F28 /* AnalysisFixtures.swift in Sources */,
				F5726414EFECC015306283DC /* AnalysisPreferences.swift in Sources */,
				862F7AC4CA956D19BACF8643 /* AnalysisValues.swift in Sources */,
				DC0B81A6C3C27BB844D619F1 /* AppShell.swift in Sources */,
				AD2F75631458FF95B1F6FC1C /* BackupArchive.swift in Sources */,
				DD5430A46A1E2DC02B58D93B /* BodyMapAsset.swift in Sources */,
				18557FA2CB827D5F2F28FE60 /* BodyMapFixtures.swift in Sources */,
				7962B89415BAEF02FBC7B385 /* BodyMapPresentation.swift in Sources */,
				FDCF10BF8214813611C2842E /* BodyMapPreviewFixtures.swift in Sources */,
				88FA441AFB1B55707ECF2800 /* BodyMapRenderInput.swift in Sources */,
				86A6323C1AB455DA56911FA3 /* BodyMapRendererView.swift in Sources */,
				F3CA38E14FB3D5402A1ECCF9 /* BodyMapScene.swift in Sources */,
				14D18ABA3E46D4583ED2D2DB /* BodyMapSceneView.swift in Sources */,
				E5265C2F4D487677A5496FFB /* BodyMapView.swift in Sources */,
				EDB21C343323975881C1203B /* BodyProfile.swift in Sources */,
				147A7BE65134181CE2FE9884 /* BodyWeightEntry.swift in Sources */,
				43FEAA6FF61CBAA52461A007 /* ConsentValues.swift in Sources */,
				AE87F77C5482B08F85E5858E /* DailyCheckIn.swift in Sources */,
				5437306DC0D7418C4EDA4E46 /* DietLogCompleteness.swift in Sources */,
				1BBA35AEA8881CABB7565ECC /* DomainEnums.swift in Sources */,
				3F76649A88333A976CBA313A /* ExerciseCatalog.swift in Sources */,
				F6791105EC06F96AEA9170DD /* ExerciseViews.swift in Sources */,
				B6DB6C94270C1C13AF48703D /* FoodLibraryView.swift in Sources */,
				70478EEA675A87D6DE971E85 /* GoalRevisionRepository.swift in Sources */,
				2AC5038526CC387151C89C37 /* GoalRevisionValues.swift in Sources */,
				295ABCBB2B3AE4B18E37565F /* HealthDataService.swift in Sources */,
				7132970C1BCD7BEC04FF1801 /* HealthFoundation.swift in Sources */,
				2317DE6B69F9FB1B0202DF0C /* HealthManualBackup.swift in Sources */,
				65A9109792F29181F124C90F /* HealthQueryClient.swift in Sources */,
				3359EB29320B0F1CE335CF89 /* HealthValueMerge.swift in Sources */,
				9BEA2F8F67BF23DCF9847234 /* HealthValues.swift in Sources */,
				123E3355F4EB008CBB93FF86 /* LibraryView.swift in Sources */,
				4E2ACEC45E48E06CF6D0DF57 /* LocalConsentStore.swift in Sources */,
				19DF72CB5DD6570E31D72F07 /* LocalHealthStorage.swift in Sources */,
				0635D4BCEC4199EE8D4D3E0C /* ManualRecordValidation.swift in Sources */,
				715BE546C11E96BAE81A1727 /* MuscleFeedback.swift in Sources */,
				31171CF603B308054E7A30F1 /* NutritionGoalRevision.swift in Sources */,
				99DCCC01E53E5680837AB22F /* NutritionModels.swift in Sources */,
				CE82798ADA947943ECD4E92D /* NutritionSummary.swift in Sources */,
				5C4D0DA77B99DFBF0E2332E3 /* NutritionView.swift in Sources */,
				3647D268C134DA5DF36F38FE /* PreviewSupport.swift in Sources */,
				1B7957A29FB221124FCED797 /* ProxyReportTransport.swift in Sources */,
				4148773DA5F16D3FB8DC3EB6 /* ReportDeviceIdentity.swift in Sources */,
				470A517CA44799B48409332A /* ReportPolicy.swift in Sources */,
				D86A9E772FC39B657B540EC0 /* ReportSnapshotBuilder.swift in Sources */,
				87029459148998CAAA53D61A /* RoutineFactory.swift in Sources */,
				76339E757DD7BAFC9E2CC45A /* RoutineViews.swift in Sources */,
				B52C7E5892C829C8EC1A24D8 /* SettingsView.swift in Sources */,
				9A5074CFCC6C92D358E3DE66 /* SwiftDataAnalysisRepository.swift in Sources */,
				02BEA69849B6B0F0F66C2F31 /* TodayView.swift in Sources */,
				BC01549540673C549648620A /* TrainingView.swift in Sources */,
				F2963E2E3D545A72ACA165A5 /* TrainoteApp.swift in Sources */,
				07CA478A7FF15238B18452AE /* WeeklyReportView.swift in Sources */,
				965267E6FA6DF195503559D2 /* WorkoutHistoryFactory.swift in Sources */,
				A4B1E2917965DEDA551B9118 /* WorkoutInsights.swift in Sources */,
				90149B9EEAF49CA813408618 /* WorkoutModels.swift in Sources */,
			);
			runOnlyForDeploymentPostprocessing = 0;
		};
/* End PBXSourcesBuildPhase section */

/* Begin PBXTargetDependency section */
		8D31928B569D5A6F37D40871 /* PBXTargetDependency */ = {
			isa = PBXTargetDependency;
			target = 47111B31744A7FA21248E615 /* Trainote */;
			targetProxy = 6FA444A6795499B356602896 /* PBXContainerItemProxy */;
		};
		D9E372C9A218A0147734EF38 /* PBXTargetDependency */ = {
			isa = PBXTargetDependency;
			target = 47111B31744A7FA21248E615 /* Trainote */;
			targetProxy = F0B74D1E1F8AF02F397465F1 /* PBXContainerItemProxy */;
		};
/* End PBXTargetDependency section */

/* Begin XCBuildConfiguration section */
		27B57867632EEDA022A1DD0F /* Debug */ = {
			isa = XCBuildConfiguration;
			buildSettings = {
				BUNDLE_LOADER = "$(TEST_HOST)";
				GENERATE_INFOPLIST_FILE = YES;
				LD_RUNPATH_SEARCH_PATHS = (
					"$(inherited)",
					"@executable_path/Frameworks",
					"@loader_path/Frameworks",
				);
				PRODUCT_BUNDLE_IDENTIFIER = com.jerryszz.trainote.uitests;
				SDKROOT = iphoneos;
				TARGETED_DEVICE_FAMILY = "1,2";
				TEST_TARGET_NAME = Trainote;
			};
			name = Debug;
		};
		2A89A25C5CFB6B860D76C7DB /* Release */ = {
			isa = XCBuildConfiguration;
			buildSettings = {
				BUNDLE_LOADER = "$(TEST_HOST)";
				GENERATE_INFOPLIST_FILE = YES;
				LD_RUNPATH_SEARCH_PATHS = (
					"$(inherited)",
					"@executable_path/Frameworks",
					"@loader_path/Frameworks",
				);
				PRODUCT_BUNDLE_IDENTIFIER = com.jerryszz.trainote.uitests;
				SDKROOT = iphoneos;
				TARGETED_DEVICE_FAMILY = "1,2";
				TEST_TARGET_NAME = Trainote;
			};
			name = Release;
		};
		2D50B9755C89F3E3E3232961 /* Release */ = {
			isa = XCBuildConfiguration;
			buildSettings = {
				ASSETCATALOG_COMPILER_APPICON_NAME = AppIcon;
				ASSETCATALOG_COMPILER_GLOBAL_ACCENT_COLOR_NAME = AccentColor;
				CODE_SIGN_ENTITLEMENTS = Trainote/Trainote.entitlements;
				CODE_SIGN_IDENTITY = "iPhone Developer";
				GENERATE_INFOPLIST_FILE = YES;
				INFOPLIST_KEY_CFBundleDisplayName = Trainote;
				INFOPLIST_KEY_ITSAppUsesNonExemptEncryption = NO;
				INFOPLIST_KEY_LSApplicationCategoryType = "public.app-category.healthcare-fitness";
				INFOPLIST_KEY_NSHealthShareUsageDescription = "读取你选择共享的体重、睡眠、静息心率、心率变异性、步数、活动能量和训练，用于本机趋势与恢复分析。";
				INFOPLIST_KEY_UIApplicationSupportsIndirectInputEvents = YES;
				INFOPLIST_KEY_UILaunchScreen_Generation = YES;
				LD_RUNPATH_SEARCH_PATHS = (
					"$(inherited)",
					"@executable_path/Frameworks",
				);
				PRODUCT_BUNDLE_IDENTIFIER = com.jerryszz.trainote;
				PRODUCT_NAME = Trainote;
				SDKROOT = iphoneos;
				SUPPORTS_MACCATALYST = NO;
				TARGETED_DEVICE_FAMILY = 1;
			};
			name = Release;
		};
		3415969F3E7CFB60B87B2DEF /* Release */ = {
			isa = XCBuildConfiguration;
			buildSettings = {
				BUNDLE_LOADER = "$(TEST_HOST)";
				GENERATE_INFOPLIST_FILE = YES;
				LD_RUNPATH_SEARCH_PATHS = (
					"$(inherited)",
					"@executable_path/Frameworks",
					"@loader_path/Frameworks",
				);
				PRODUCT_BUNDLE_IDENTIFIER = com.jerryszz.trainote.tests;
				SDKROOT = iphoneos;
				TARGETED_DEVICE_FAMILY = "1,2";
				TEST_HOST = "$(BUILT_PRODUCTS_DIR)/Trainote.app/Trainote";
			};
			name = Release;
		};
		5060B9D24063ABA59558468D /* Debug */ = {
			isa = XCBuildConfiguration;
			buildSettings = {
				ASSETCATALOG_COMPILER_APPICON_NAME = AppIcon;
				ASSETCATALOG_COMPILER_GLOBAL_ACCENT_COLOR_NAME = AccentColor;
				CODE_SIGN_ENTITLEMENTS = Trainote/Trainote.entitlements;
				CODE_SIGN_IDENTITY = "iPhone Developer";
				GENERATE_INFOPLIST_FILE = YES;
				INFOPLIST_KEY_CFBundleDisplayName = Trainote;
				INFOPLIST_KEY_ITSAppUsesNonExemptEncryption = NO;
				INFOPLIST_KEY_LSApplicationCategoryType = "public.app-category.healthcare-fitness";
				INFOPLIST_KEY_NSHealthShareUsageDescription = "读取你选择共享的体重、睡眠、静息心率、心率变异性、步数、活动能量和训练，用于本机趋势与恢复分析。";
				INFOPLIST_KEY_UIApplicationSupportsIndirectInputEvents = YES;
				INFOPLIST_KEY_UILaunchScreen_Generation = YES;
				LD_RUNPATH_SEARCH_PATHS = (
					"$(inherited)",
					"@executable_path/Frameworks",
				);
				PRODUCT_BUNDLE_IDENTIFIER = com.jerryszz.trainote;
				PRODUCT_NAME = Trainote;
				SDKROOT = iphoneos;
				SUPPORTS_MACCATALYST = NO;
				TARGETED_DEVICE_FAMILY = 1;
			};
			name = Debug;
		};
		8BB78AB8E2B2F02A2CE41C9D /* Debug */ = {
			isa = XCBuildConfiguration;
			buildSettings = {
				ALWAYS_SEARCH_USER_PATHS = NO;
				CLANG_ANALYZER_NONNULL = YES;
				CLANG_ANALYZER_NUMBER_OBJECT_CONVERSION = YES_AGGRESSIVE;
				CLANG_CXX_LANGUAGE_STANDARD = "gnu++14";
				CLANG_CXX_LIBRARY = "libc++";
				CLANG_ENABLE_MODULES = YES;
				CLANG_ENABLE_OBJC_ARC = YES;
				CLANG_ENABLE_OBJC_WEAK = YES;
				CLANG_WARN_BLOCK_CAPTURE_AUTORELEASING = YES;
				CLANG_WARN_BOOL_CONVERSION = YES;
				CLANG_WARN_COMMA = YES;
				CLANG_WARN_CONSTANT_CONVERSION = YES;
				CLANG_WARN_DEPRECATED_OBJC_IMPLEMENTATIONS = YES;
				CLANG_WARN_DIRECT_OBJC_ISA_USAGE = YES_ERROR;
				CLANG_WARN_DOCUMENTATION_COMMENTS = YES;
				CLANG_WARN_EMPTY_BODY = YES;
				CLANG_WARN_ENUM_CONVERSION = YES;
				CLANG_WARN_INFINITE_RECURSION = YES;
				CLANG_WARN_INT_CONVERSION = YES;
				CLANG_WARN_NON_LITERAL_NULL_CONVERSION = YES;
				CLANG_WARN_OBJC_IMPLICIT_RETAIN_SELF = YES;
				CLANG_WARN_OBJC_LITERAL_CONVERSION = YES;
				CLANG_WARN_OBJC_ROOT_CLASS = YES_ERROR;
				CLANG_WARN_QUOTED_INCLUDE_IN_FRAMEWORK_HEADER = YES;
				CLANG_WARN_RANGE_LOOP_ANALYSIS = YES;
				CLANG_WARN_STRICT_PROTOTYPES = YES;
				CLANG_WARN_SUSPICIOUS_MOVE = YES;
				CLANG_WARN_UNGUARDED_AVAILABILITY = YES_AGGRESSIVE;
				CLANG_WARN_UNREACHABLE_CODE = YES;
				CLANG_WARN__DUPLICATE_METHOD_MATCH = YES;
				COPY_PHASE_STRIP = NO;
				CURRENT_PROJECT_VERSION = 2;
				DEBUG_INFORMATION_FORMAT = dwarf;
				ENABLE_STRICT_OBJC_MSGSEND = YES;
				ENABLE_TESTABILITY = YES;
				GCC_C_LANGUAGE_STANDARD = gnu11;
				GCC_DYNAMIC_NO_PIC = NO;
				GCC_NO_COMMON_BLOCKS = YES;
				GCC_OPTIMIZATION_LEVEL = 0;
				GCC_PREPROCESSOR_DEFINITIONS = (
					"$(inherited)",
					"DEBUG=1",
				);
				GCC_WARN_64_TO_32_BIT_CONVERSION = YES;
				GCC_WARN_ABOUT_RETURN_TYPE = YES_ERROR;
				GCC_WARN_UNDECLARED_SELECTOR = YES;
				GCC_WARN_UNINITIALIZED_AUTOS = YES_AGGRESSIVE;
				GCC_WARN_UNUSED_FUNCTION = YES;
				GCC_WARN_UNUSED_VARIABLE = YES;
				IPHONEOS_DEPLOYMENT_TARGET = 17.0;
				MARKETING_VERSION = 1.1;
				MTL_ENABLE_DEBUG_INFO = INCLUDE_SOURCE;
				MTL_FAST_MATH = YES;
				ONLY_ACTIVE_ARCH = YES;
				PRODUCT_NAME = "$(TARGET_NAME)";
				SDKROOT = iphoneos;
				SWIFT_ACTIVE_COMPILATION_CONDITIONS = DEBUG;
				SWIFT_OPTIMIZATION_LEVEL = "-Onone";
				SWIFT_VERSION = 5.9;
				TARGETED_DEVICE_FAMILY = 1;
			};
			name = Debug;
		};
		A7501A031AB6FBABAF54D4BE /* Debug */ = {
			isa = XCBuildConfiguration;
			buildSettings = {
				BUNDLE_LOADER = "$(TEST_HOST)";
				GENERATE_INFOPLIST_FILE = YES;
				LD_RUNPATH_SEARCH_PATHS = (
					"$(inherited)",
					"@executable_path/Frameworks",
					"@loader_path/Frameworks",
				);
				PRODUCT_BUNDLE_IDENTIFIER = com.jerryszz.trainote.tests;
				SDKROOT = iphoneos;
				TARGETED_DEVICE_FAMILY = "1,2";
				TEST_HOST = "$(BUILT_PRODUCTS_DIR)/Trainote.app/Trainote";
			};
			name = Debug;
		};
		C6BE0927FD712A7229F77930 /* Release */ = {
			isa = XCBuildConfiguration;
			buildSettings = {
				ALWAYS_SEARCH_USER_PATHS = NO;
				CLANG_ANALYZER_NONNULL = YES;
				CLANG_ANALYZER_NUMBER_OBJECT_CONVERSION = YES_AGGRESSIVE;
				CLANG_CXX_LANGUAGE_STANDARD = "gnu++14";
				CLANG_CXX_LIBRARY = "libc++";
				CLANG_ENABLE_MODULES = YES;
				CLANG_ENABLE_OBJC_ARC = YES;
				CLANG_ENABLE_OBJC_WEAK = YES;
				CLANG_WARN_BLOCK_CAPTURE_AUTORELEASING = YES;
				CLANG_WARN_BOOL_CONVERSION = YES;
				CLANG_WARN_COMMA = YES;
				CLANG_WARN_CONSTANT_CONVERSION = YES;
				CLANG_WARN_DEPRECATED_OBJC_IMPLEMENTATIONS = YES;
				CLANG_WARN_DIRECT_OBJC_ISA_USAGE = YES_ERROR;
				CLANG_WARN_DOCUMENTATION_COMMENTS = YES;
				CLANG_WARN_EMPTY_BODY = YES;
				CLANG_WARN_ENUM_CONVERSION = YES;
				CLANG_WARN_INFINITE_RECURSION = YES;
				CLANG_WARN_INT_CONVERSION = YES;
				CLANG_WARN_NON_LITERAL_NULL_CONVERSION = YES;
				CLANG_WARN_OBJC_IMPLICIT_RETAIN_SELF = YES;
				CLANG_WARN_OBJC_LITERAL_CONVERSION = YES;
				CLANG_WARN_OBJC_ROOT_CLASS = YES_ERROR;
				CLANG_WARN_QUOTED_INCLUDE_IN_FRAMEWORK_HEADER = YES;
				CLANG_WARN_RANGE_LOOP_ANALYSIS = YES;
				CLANG_WARN_STRICT_PROTOTYPES = YES;
				CLANG_WARN_SUSPICIOUS_MOVE = YES;
				CLANG_WARN_UNGUARDED_AVAILABILITY = YES_AGGRESSIVE;
				CLANG_WARN_UNREACHABLE_CODE = YES;
				CLANG_WARN__DUPLICATE_METHOD_MATCH = YES;
				COPY_PHASE_STRIP = NO;
				CURRENT_PROJECT_VERSION = 2;
				DEBUG_INFORMATION_FORMAT = "dwarf-with-dsym";
				ENABLE_NS_ASSERTIONS = NO;
				ENABLE_STRICT_OBJC_MSGSEND = YES;
				GCC_C_LANGUAGE_STANDARD = gnu11;
				GCC_NO_COMMON_BLOCKS = YES;
				GCC_WARN_64_TO_32_BIT_CONVERSION = YES;
				GCC_WARN_ABOUT_RETURN_TYPE = YES_ERROR;
				GCC_WARN_UNDECLARED_SELECTOR = YES;
				GCC_WARN_UNINITIALIZED_AUTOS = YES_AGGRESSIVE;
				GCC_WARN_UNUSED_FUNCTION = YES;
				GCC_WARN_UNUSED_VARIABLE = YES;
				IPHONEOS_DEPLOYMENT_TARGET = 17.0;
				MARKETING_VERSION = 1.1;
				MTL_ENABLE_DEBUG_INFO = NO;
				MTL_FAST_MATH = YES;
				PRODUCT_NAME = "$(TARGET_NAME)";
				SDKROOT = iphoneos;
				SWIFT_COMPILATION_MODE = wholemodule;
				SWIFT_OPTIMIZATION_LEVEL = "-O";
				SWIFT_VERSION = 5.9;
				TARGETED_DEVICE_FAMILY = 1;
			};
			name = Release;
		};
/* End XCBuildConfiguration section */

/* Begin XCConfigurationList section */
		1F67CC7494044F5DBD8774AC /* Build configuration list for PBXNativeTarget "TrainoteTests" */ = {
			isa = XCConfigurationList;
			buildConfigurations = (
				A7501A031AB6FBABAF54D4BE /* Debug */,
				3415969F3E7CFB60B87B2DEF /* Release */,
			);
			defaultConfigurationIsVisible = 0;
			defaultConfigurationName = Debug;
		};
		269A8E5EFB24A2305405FCE5 /* Build configuration list for PBXNativeTarget "TrainoteUITests" */ = {
			isa = XCConfigurationList;
			buildConfigurations = (
				27B57867632EEDA022A1DD0F /* Debug */,
				2A89A25C5CFB6B860D76C7DB /* Release */,
			);
			defaultConfigurationIsVisible = 0;
			defaultConfigurationName = Debug;
		};
		D137DADC18787C0ED4DE210E /* Build configuration list for PBXNativeTarget "Trainote" */ = {
			isa = XCConfigurationList;
			buildConfigurations = (
				5060B9D24063ABA59558468D /* Debug */,
				2D50B9755C89F3E3E3232961 /* Release */,
			);
			defaultConfigurationIsVisible = 0;
			defaultConfigurationName = Debug;
		};
		DACA404372366FBEF50DCC62 /* Build configuration list for PBXProject "Trainote" */ = {
			isa = XCConfigurationList;
			buildConfigurations = (
				8BB78AB8E2B2F02A2CE41C9D /* Debug */,
				C6BE0927FD712A7229F77930 /* Release */,
			);
			defaultConfigurationIsVisible = 0;
			defaultConfigurationName = Debug;
		};
/* End XCConfigurationList section */
	};
	rootObject = 8CCAC18B3ACE6AB51F467821 /* Project object */;
}
